// !$*UTF8*$!
{
	archiveVersion = 1;
	classes = {
	};
	objectVersion = 50;
	objects = {

/* Begin PBXBuildFile section */
		AA90A24D221A8A200013AEE4 /* AppDelegate.swift in Sources */ = {isa = PBXBuildFile; fileRef = AA90A24C221A8A200013AEE4 /* AppDelegate.swift */; };
		AA90A24F221A8A200013AEE4 /* ViewController.swift in Sources */ = {isa = PBXBuildFile; fileRef = AA90A24E221A8A200013AEE4 /* ViewController.swift */; };
		AA90A252221A8A200013AEE4 /* Main.storyboard in Resources */ = {isa = PBXBuildFile; fileRef = AA90A250221A8A200013AEE4 /* Main.storyboard */; };
		AA90A255221A8A200013AEE4 /* OmyaoVideo.xcdatamodeld in Sources */ = {isa = PBXBuildFile; fileRef = AA90A253221A8A200013AEE4 /* OmyaoVideo.xcdatamodeld */; };
		AA90A257221A8A240013AEE4 /* Assets.xcassets in Resources */ = {isa = PBXBuildFile; fileRef = AA90A256221A8A240013AEE4 /* Assets.xcassets */; };
		AA90A25A221A8A240013AEE4 /* LaunchScreen.storyboard in Resources */ = {isa = PBXBuildFile; fileRef = AA90A258221A8A240013AEE4 /* LaunchScreen.storyboard */; };
		D192D93017E5B79128CCA859 /* Pods_OmyaoVideo.framework in Frameworks */ = {isa = PBXBuildFile; fileRef = 56C3E1A09726BA92BBA8C751 /* Pods_OmyaoVideo.framework */; };
/* End PBXBuildFile section */

/* Begin PBXFileReference section */
		1ACBBB9E9F9EFE72FDCE24D0 /* Pods-OmyaoVideo.release.xcconfig */ = {isa = PBXFileReference; includeInIndex = 1; lastKnownFileType = text.xcconfig; name = "Pods-OmyaoVideo.release.xcconfig"; path = "Pods/Target Support Files/Pods-OmyaoVideo/Pods-OmyaoVideo.release.xcconfig"; sourceTree = "<group>"; };
		56C3E1A09726BA92BBA8C751 /* Pods_OmyaoVideo.framework */ = {isa = PBXFileReference; explicitFileType = wrapper.framework; includeInIndex = 0; path = Pods_OmyaoVideo.framework; sourceTree = BUILT_PRODUCTS_DIR; };
		635E6821BFFB6F978F999085 /* Pods-OmyaoVideo.debug.xcconfig */ = {isa = PBXFileReference; includeInIndex = 1; lastKnownFileType = text.xcconfig; name = "Pods-OmyaoVideo.debug.xcconfig"; path = "Pods/Target Support Files/Pods-OmyaoVideo/Pods-OmyaoVideo.debug.xcconfig"; sourceTree = "<group>"; };
		AA90A249221A8A200013AEE4 /* OmyaoVideo.app */ = {isa = PBXFileReference; explicitFileType = wrapper.application; includeInIndex = 0; path = OmyaoVideo.app; sourceTree = BUILT_PRODUCTS_DIR; };
		AA90A24C221A8A200013AEE4 /* AppDelegate.swift */ = {isa = PBXFileReference; lastKnownFileType = sourcecode.swift; path = AppDelegate.swift; sourceTree = "<group>"; };
		AA90A24E221A8A200013AEE4 /* ViewController.swift */ = {isa = PBXFileReference; lastKnownFileType = sourcecode.swift; path = ViewController.swift; sourceTree = "<group>"; };
		AA90A251221A8A200013AEE4 /* Base */ = {isa = PBXFileReference; lastKnownFileType = file.storyboard; name = Base; path = Base.lproj/Main.storyboard; sourceTree = "<group>"; };
		AA90A254221A8A200013AEE4 /* OmyaoVideo.xcdatamodel */ = {isa = PBXFileReference; lastKnownFileType = wrapper.xcdatamodel; path = OmyaoVideo.xcdatamodel; sourceTree = "<group>"; };
		AA90A256221A8A240013AEE4 /* Assets.xcassets */ = {isa = PBXFileReference; lastKnownFileType = folder.assetcatalog; path = Assets.xcassets; sourceTree = "<group>"; };
		AA90A259221A8A240013AEE4 /* Base */ = {isa = PBXFileReference; lastKnownFileType = file.storyboard; name = Base; path = Base.lproj/LaunchScreen.storyboard; sourceTree = "<group>"; };
		AA90A25B221A8A240013AEE4 /* Info.plist */ = {isa = PBXFileReference; lastKnownFileType = text.plist.xml; path = Info.plist; sourceTree = "<group>"; };
/* End PBXFileReference section */

/* Begin PBXFrameworksBuildPhase section */
		AA90A246221A8A200013AEE4 /* Frameworks */ = {
			isa = PBXFrameworksBuildPhase;
			buildActionMask = 2147483647;
			files = (
				D192D93017E5B79128CCA859 /* Pods_OmyaoVideo.framework in Frameworks */,
			);
			runOnlyForDeploymentPostprocessing = 0;
		};
/* End PBXFrameworksBuildPhase section */

/* Begin PBXGroup section */
		1C1B103EFFC9E1F4BBB2B032 /* Pods */ = {
			isa = PBXGroup;
			children = (
				635E6821BFFB6F978F999085 /* Pods-OmyaoVideo.debug.xcconfig */,
				1ACBBB9E9F9EFE72FDCE24D0 /* Pods-OmyaoVideo.release.xcconfig */,
			);
			name = Pods;
			sourceTree = "<group>";
		};
		69F5827957DDC22D73DDFD43 /* Frameworks */ = {
			isa = PBXGroup;
			children = (
				56C3E1A09726BA92BBA8C751 /* Pods_OmyaoVideo.framework */,
			);
			name = Frameworks;
			sourceTree = "<group>";
		};
		AA90A240221A8A1F0013AEE4 = {
			isa = PBXGroup;
			children = (
				AA90A24B221A8A200013AEE4 /* OmyaoVideo */,
				AA90A24A221A8A200013AEE4 /* Products */,
				1C1B103EFFC9E1F4BBB2B032 /* Pods */,
				69F5827957DDC22D73DDFD43 /* Frameworks */,
			);
			sourceTree = "<group>";
		};
		AA90A24A221A8A200013AEE4 /* Products */ = {
			isa = PBXGroup;
			children = (
				AA90A249221A8A200013AEE4 /* OmyaoVideo.app */,
			);
			name = Products;
			sourceTree = "<group>";
		};
		AA90A24B221A8A200013AEE4 /* OmyaoVideo */ = {
			isa = PBXGroup;
			children = (
				AA90A24C221A8A200013AEE4 /* AppDelegate.swift */,
				AA90A24E221A8A200013AEE4 /* ViewController.swift */,
				AA90A250221A8A200013AEE4 /* Main.storyboard */,
				AA90A256221A8A240013AEE4 /* Assets.xcassets */,
				AA90A258221A8A240013AEE4 /* LaunchScreen.storyboard */,
				AA90A25B221A8A240013AEE4 /* Info.plist */,
				AA90A253221A8A200013AEE4 /* OmyaoVideo.xcdatamodeld */,
			);
			path = OmyaoVideo;
			sourceTree = "<group>";
		};
/* End PBXGroup section */

/* Begin PBXNativeTarget section */
		AA90A248221A8A200013AEE4 /* OmyaoVideo */ = {
			isa = PBXNativeTarget;
			buildConfigurationList = AA90A25E221A8A240013AEE4 /* Build configuration list for PBXNativeTarget "OmyaoVideo" */;
			buildPhases = (
				D1CADDF468D3489189A6B6DF /* [CP] Check Pods Manifest.lock */,
				AA90A245221A8A200013AEE4 /* Sources */,
				AA90A246221A8A200013AEE4 /* Frameworks */,
				AA90A247221A8A200013AEE4 /* Resources */,
			);
			buildRules = (
			);
			dependencies = (
			);
			name = OmyaoVideo;
			productName = OmyaoVideo;
			productReference = AA90A249221A8A200013AEE4 /* OmyaoVideo.app */;
			productType = "com.apple.product-type.application";
		};
/* End PBXNativeTarget section */

/* Begin PBXProject section */
		AA90A241221A8A1F0013AEE4 /* Project object */ = {
			isa = PBXProject;
			attributes = {
				LastSwiftUpdateCheck = 1010;
				LastUpgradeCheck = 1010;
				ORGANIZATIONNAME = "Vikas  Chauhan";
				TargetAttributes = {
					AA90A248221A8A200013AEE4 = {
						CreatedOnToolsVersion = 10.1;
					};
				};
			};
			buildConfigurationList = AA90A244221A8A1F0013AEE4 /* Build configuration list for PBXProject "OmyaoVideo" */;
			compatibilityVersion = "Xcode 9.3";
			developmentRegion = en;
			hasScannedForEncodings = 0;
			knownRegions = (
				en,
				Base,
			);
			mainGroup = AA90A240221A8A1F0013AEE4;
			productRefGroup = AA90A24A221A8A200013AEE4 /* Products */;
			projectDirPath = "";
			projectRoot = "";
			targets = (
				AA90A248221A8A200013AEE4 /* OmyaoVideo */,
			);
		};
/* End PBXProject section */

/* Begin PBXResourcesBuildPhase section */
		AA90A247221A8A200013AEE4 /* Resources */ = {
			isa = PBXResourcesBuildPhase;
			buildActionMask = 2147483647;
			files = (
				AA90A25A221A8A240013AEE4 /* LaunchScreen.storyboard in Resources */,
				AA90A257221A8A240013AEE4 /* Assets.xcassets in Resources */,
				AA90A252221A8A200013AEE4 /* Main.storyboard in Resources */,
			);
			runOnlyForDeploymentPostprocessing = 0;
		};
/* End PBXResourcesBuildPhase section */

/* Begin PBXShellScriptBuildPhase section */
		D1CADDF468D3489189A6B6DF /* [CP] Check Pods Manifest.lock */ = {
			isa = PBXShellScriptBuildPhase;
			buildActionMask = 2147483647;
			files = (
			);
			inputFileListPaths = (
			);
			inputPaths = (
				"${PODS_PODFILE_DIR_PATH}/Podfile.lock",
				"${PODS_ROOT}/Manifest.lock",
			);
			name = "[CP] Check Pods Manifest.lock";
			outputFileListPaths = (
			);
			outputPaths = (
				"$(DERIVED_FILE_DIR)/Pods-OmyaoVideo-checkManifestLockResult.txt",
			);
			runOnlyForDeploymentPostprocessing = 0;
			shellPath = /bin/sh;
			shellScript = "diff \"${PODS_PODFILE_DIR_PATH}/Podfile.lock\" \"${PODS_ROOT}/Manifest.lock\" > /dev/null\nif [ $? != 0 ] ; then\n    # print error to STDERR\n    echo \"error: The sandbox is not in sync with the Podfile.lock. Run 'pod install' or update your CocoaPods installation.\" >&2\n    exit 1\nfi\n# This output is used by Xcode 'outputs' to avoid re-running this script phase.\necho \"SUCCESS\" > \"${SCRIPT_OUTPUT_FILE_0}\"\n";
			showEnvVarsInLog = 0;
		};
/* End PBXShellScriptBuildPhase section */

/* Begin PBXSourcesBuildPhase section */
		AA90A245221A8A200013AEE4 /* Sources */ = {
			isa = PBXSourcesBuildPhase;
			buildActionMask = 2147483647;
			files = (
				AA90A255221A8A200013AEE4 /* OmyaoVideo.xcdatamodeld in Sources */,
				AA90A24F221A8A200013AEE4 /* ViewController.swift in Sources */,
				AA90A24D221A8A200013AEE4 /* AppDelegate.swift in Sources */,
			);
			runOnlyForDeploymentPostprocessing = 0;
		};
/* End PBXSourcesBuildPhase section */

/* Begin PBXVariantGroup section */
		AA90A250221A8A200013AEE4 /* Main.storyboard */ = {
			isa = PBXVariantGroup;
			children = (
				AA90A251221A8A200013AEE4 /* Base */,
			);
			name = Main.storyboard;
			sourceTree = "<group>";
		};
		AA90A258221A8A240013AEE4 /* LaunchScreen.storyboard */ = {
			isa = PBXVariantGroup;
			children = (
				AA90A259221A8A240013AEE4 /* Base */,
			);
			name = LaunchScreen.storyboard;
			sourceTree = "<group>";
		};
/* End PBXVariantGroup section */

/* Begin XCBuildConfiguration section */
		AA90A25C221A8A240013AEE4 /* Debug */ = {
			isa = XCBuildConfiguration;
			buildSettings = {
				ALWAYS_SEARCH_USER_PATHS = NO;
				CLANG_ANALYZER_NONNULL = YES;
				CLANG_ANALYZER_NUMBER_OBJECT_CONVERSION = YES_AGGRESSIVE;
				CLANG_CXX_LANGUAGE_STANDARD = "gnu++14";
				CLANG_CXX_LIBRARY = "libc++";
				CLANG_ENABLE_MODULES = YES;
				CLANG_ENABLE_OBJC_ARC = YES;
				CLANG_ENABLE_OBJC_WEAK = YES;
				CLANG_WARN_BLOCK_CAPTURE_AUTORELEASING = YES;
				CLANG_WARN_BOOL_CONVERSION = YES;
				CLANG_WARN_COMMA = YES;
				CLANG_WARN_CONSTANT_CONVERSION = YES;
				CLANG_WARN_DEPRECATED_OBJC_IMPLEMENTATIONS = YES;
				CLANG_WARN_DIRECT_OBJC_ISA_USAGE = YES_ERROR;
				CLANG_WARN_DOCUMENTATION_COMMENTS = YES;
				CLANG_WARN_EMPTY_BODY = YES;
				CLANG_WARN_ENUM_CONVERSION = YES;
				CLANG_WARN_INFINITE_RECURSION = YES;
				CLANG_WARN_INT_CONVERSION = YES;
				CLANG_WARN_NON_LITERAL_NULL_CONVERSION = YES;
				CLANG_WARN_OBJC_IMPLICIT_RETAIN_SELF = YES;
				CLANG_WARN_OBJC_LITERAL_CONVERSION = YES;
				CLANG_WARN_OBJC_ROOT_CLASS = YES_ERROR;
				CLANG_WARN_RANGE_LOOP_ANALYSIS = YES;
				CLANG_WARN_STRICT_PROTOTYPES = YES;
				CLANG_WARN_SUSPICIOUS_MOVE = YES;
				CLANG_WARN_UNGUARDED_AVAILABILITY = YES_AGGRESSIVE;
				CLANG_WARN_UNREACHABLE_CODE = YES;
				CLANG_WARN__DUPLICATE_METHOD_MATCH = YES;
				CODE_SIGN_IDENTITY = "iPhone Developer";
				COPY_PHASE_STRIP = NO;
				DEBUG_INFORMATION_FORMAT = dwarf;
				ENABLE_STRICT_OBJC_MSGSEND = YES;
				ENABLE_TESTABILITY = YES;
				GCC_C_LANGUAGE_STANDARD = gnu11;
				GCC_DYNAMIC_NO_PIC = NO;
				GCC_NO_COMMON_BLOCKS = YES;
				GCC_OPTIMIZATION_LEVEL = 0;
				GCC_PREPROCESSOR_DEFINITIONS = (
					"DEBUG=1",
					"$(inherited)",
				);
				GCC_WARN_64_TO_32_BIT_CONVERSION = YES;
				GCC_WARN_ABOUT_RETURN_TYPE = YES_ERROR;
				GCC_WARN_UNDECLARED_SELECTOR = YES;
				GCC_WARN_UNINITIALIZED_AUTOS = YES_AGGRESSIVE;
				GCC_WARN_UNUSED_FUNCTION = YES;
				GCC_WARN_UNUSED_VARIABLE = YES;
				IPHONEOS_DEPLOYMENT_TARGET = 12.1;
				MTL_ENABLE_DEBUG_INFO = INCLUDE_SOURCE;
				MTL_FAST_MATH = YES;
				ONLY_ACTIVE_ARCH = YES;
				SDKROOT = iphoneos;
				SWIFT_ACTIVE_COMPILATION_CONDITIONS = DEBUG;
				SWIFT_OPTIMIZATION_LEVEL = "-Onone";
			};
			name = Debug;
		};
		AA90A25D221A8A240013AEE4 /* Release */ = {
			isa = XCBuildConfiguration;
			buildSettings = {
				ALWAYS_SEARCH_USER_PATHS = NO;
				CLANG_ANALYZER_NONNULL = YES;
				CLANG_ANALYZER_NUMBER_OBJECT_CONVERSION = YES_AGGRESSIVE;
				CLANG_CXX_LANGUAGE_STANDARD = "gnu++14";
				CLANG_CXX_LIBRARY = "libc++";
				CLANG_ENABLE_MODULES = YES;
				CLANG_ENABLE_OBJC_ARC = YES;
				CLANG_ENABLE_OBJC_WEAK = YES;
				CLANG_WARN_BLOCK_CAPTURE_AUTORELEASING = YES;
				CLANG_WARN_BOOL_CONVERSION = YES;
				CLANG_WARN_COMMA = YES;
				CLANG_WARN_CONSTANT_CONVERSION = YES;
				CLANG_WARN_DEPRECATED_OBJC_IMPLEMENTATIONS = YES;
				CLANG_WARN_DIRECT_OBJC_ISA_USAGE = YES_ERROR;
				CLANG_WARN_DOCUMENTATION_COMMENTS = YES;
				CLANG_WARN_EMPTY_BODY = YES;
				CLANG_WARN_ENUM_CONVERSION = YES;
				CLANG_WARN_INFINITE_RECURSION = YES;
				CLANG_WARN_INT_CONVERSION = YES;
				CLANG_WARN_NON_LITERAL_NULL_CONVERSION = YES;
				CLANG_WARN_OBJC_IMPLICIT_RETAIN_SELF = YES;
				CLANG_WARN_OBJC_LITERAL_CONVERSION = YES;
				CLANG_WARN_OBJC_ROOT_CLASS = YES_ERROR;
				CLANG_WARN_RANGE_LOOP_ANALYSIS = YES;
				CLANG_WARN_STRICT_PROTOTYPES = YES;
				CLANG_WARN_SUSPICIOUS_MOVE = YES;
				CLANG_WARN_UNGUARDED_AVAILABILITY = YES_AGGRESSIVE;
				CLANG_WARN_UNREACHABLE_CODE = YES;
				CLANG_WARN__DUPLICATE_METHOD_MATCH = YES;
				CODE_SIGN_IDENTITY = "iPhone Developer";
				COPY_PHASE_STRIP = NO;
				DEBUG_INFORMATION_FORMAT = "dwarf-with-dsym";
				ENABLE_NS_ASSERTIONS = NO;
				ENABLE_STRICT_OBJC_MSGSEND = YES;
				GCC_C_LANGUAGE_STANDARD = gnu11;
				GCC_NO_COMMON_BLOCKS = YES;
				GCC_WARN_64_TO_32_BIT_CONVERSION = YES;
				GCC_WARN_ABOUT_RETURN_TYPE = YES_ERROR;
				GCC_WARN_UNDECLARED_SELECTOR = YES;
				GCC_WARN_UNINITIALIZED_AUTOS = YES_AGGRESSIVE;
				GCC_WARN_UNUSED_FUNCTION = YES;
				GCC_WARN_UNUSED_VARIABLE = YES;
				IPHONEOS_DEPLOYMENT_TARGET = 12.1;
				MTL_ENABLE_DEBUG_INFO = NO;
				MTL_FAST_MATH = YES;
				SDKROOT = iphoneos;
				SWIFT_COMPILATION_MODE = wholemodule;
				SWIFT_OPTIMIZATION_LEVEL = "-O";
				VALIDATE_PRODUCT = YES;
			};
			name = Release;
		};
		AA90A25F221A8A240013AEE4 /* Debug */ = {
			isa = XCBuildConfiguration;
			baseConfigurationReference = 635E6821BFFB6F978F999085 /* Pods-OmyaoVideo.debug.xcconfig */;
			buildSettings = {
				ASSETCATALOG_COMPILER_APPICON_NAME = AppIcon;
				CODE_SIGN_STYLE = Automatic;
				DEVELOPMENT_TEAM = GUMB8VVYXG;
				INFOPLIST_FILE = OmyaoVideo/Info.plist;
				IPHONEOS_DEPLOYMENT_TARGET = 12.0;
				LD_RUNPATH_SEARCH_PATHS = (
					"$(inherited)",
					"@executable_path/Frameworks",
				);
				PRODUCT_BUNDLE_IDENTIFIER = Personal.OmyaoVideo;
				PRODUCT_NAME = "$(TARGET_NAME)";
				SWIFT_VERSION = 4.2;
				TARGETED_DEVICE_FAMILY = "1,2";
			};
			name = Debug;
		};
		AA90A260221A8A240013AEE4 /* Release */ = {
			isa = XCBuildConfiguration;
			baseConfigurationReference = 1ACBBB9E9F9EFE72FDCE24D0 /* Pods-OmyaoVideo.release.xcconfig */;
			buildSettings = {
				ASSETCATALOG_COMPILER_APPICON_NAME = AppIcon;
				CODE_SIGN_STYLE = Automatic;
				DEVELOPMENT_TEAM = GUMB8VVYXG;
				INFOPLIST_FILE = OmyaoVideo/Info.plist;
				IPHONEOS_DEPLOYMENT_TARGET = 12.0;
				LD_RUNPATH_SEARCH_PATHS = (
					"$(inherited)",
					"@executable_path/Frameworks",
				);
				PRODUCT_BUNDLE_IDENTIFIER = Personal.OmyaoVideo;
				PRODUCT_NAME = "$(TARGET_NAME)";
				SWIFT_VERSION = 4.2;
				TARGETED_DEVICE_FAMILY = "1,2";
			};
			name = Release;
		};
/* End XCBuildConfiguration section */

/* Begin XCConfigurationList section */
		AA90A244221A8A1F0013AEE4 /* Build configuration list for PBXProject "OmyaoVideo" */ = {
			isa = XCConfigurationList;
			buildConfigurations = (
				AA90A25C221A8A240013AEE4 /* Debug */,
				AA90A25D221A8A240013AEE4 /* Release */,
			);
			defaultConfigurationIsVisible = 0;
			defaultConfigurationName = Release;
		};
		AA90A25E221A8A240013AEE4 /* Build configuration list for PBXNativeTarget "OmyaoVideo" */ = {
			isa = XCConfigurationList;
			buildConfigurations = (
				AA90A25F221A8A240013AEE4 /* Debug */,
				AA90A260221A8A240013AEE4 /* Release */,
			);
			defaultConfigurationIsVisible = 0;
			defaultConfigurationName = Release;
		};
/* End XCConfigurationList section */

/* Begin XCVersionGroup section */
		AA90A253221A8A200013AEE4 /* OmyaoVideo.xcdatamodeld */ = {
			isa = XCVersionGroup;
			children = (
				AA90A254221A8A200013AEE4 /* OmyaoVideo.xcdatamodel */,
			);
			currentVersion = AA90A254221A8A200013AEE4 /* OmyaoVideo.xcdatamodel */;
			path = OmyaoVideo.xcdatamodeld;
			sourceTree = "<group>";
			versionGroupType = wrapper.xcdatamodel;
		};
/* End XCVersionGroup section */
	};
	rootObject = AA90A241221A8A1F0013AEE4 /* Project object */;
}
